<?xml version="1.0" encoding="utf-8"?>
<Project ToolsVersion="4.0" xmlns="http://schemas.microsoft.com/developer/msbuild/2003">
  <ItemGroup>
    <Filter Include="头文件">
      <UniqueIdentifier>{93995380-89BD-4b04-88EB-625FBE52EBFB}</UniqueIdentifier>
      <Extensions>h;hh;hpp;hxx;h++;hm;inl;inc;ipp;xsd</Extensions>
    </Filter>
    <Filter Include="资源文件">
      <UniqueIdentifier>{67DA6AB6-F800-4c08-8B7A-83BB121AAD01}</UniqueIdentifier>
      <Extensions>rc;ico;cur;bmp;dlg;rc2;rct;bin;rgs;gif;jpg;jpeg;jpe;resx;tiff;tif;png;wav;mfcribbon-ms</Extensions>
    </Filter>
    <Filter Include="AI">
      <UniqueIdentifier>{d23a4b74-65f1-4c90-98c9-9550725d1e1c}</UniqueIdentifier>
    </Filter>
    <Filter Include="GameObject">
      <UniqueIdentifier>{124f87f7-629c-49ae-983b-423371de3312}</UniqueIdentifier>
    </Filter>
    <Filter Include="GameObject\源文件">
      <UniqueIdentifier>{4FC737F1-C7A5-4376-A066-2A32D752A2FF}</UniqueIdentifier>
      <Extensions>cpp;c;cc;cxx;c++;cppm;ixx;def;odl;idl;hpj;bat;asm;asmx</Extensions>
    </Filter>
    <Filter Include="Util">
      <UniqueIdentifier>{878d8a18-985d-4ed9-8dbf-9ec557a2b754}</UniqueIdentifier>
    </Filter>
  </ItemGroup>
  <ItemGroup>
    <ClInclude Include="framework.h">
      <Filter>头文件</Filter>
    </ClInclude>
    <ClInclude Include="pch.h">
      <Filter>头文件</Filter>
    </ClInclude>
    <ClInclude Include="Monster.h">
      <Filter>GameObject</Filter>
    </ClInclude>
    <ClInclude Include="Pet.h">
      <Filter>GameObject</Filter>
    </ClInclude>
    <ClInclude Include="Player.h">
      <Filter>GameObject</Filter>
    </ClInclude>
    <ClInclude Include="Character.h">
      <Filter>GameObject</Filter>
    </ClInclude>
    <ClInclude Include="AbstractComponent.h">
      <Filter>AI</Filter>
    </ClInclude>
    <ClInclude Include="AbstractStateMachine.h">
      <Filter>AI</Filter>
    </ClInclude>
    <ClInclude Include="EventSystem.h">
      <Filter>AI</Filter>
    </ClInclude>
    <ClInclude Include="State.h">
      <Filter>AI</Filter>
    </ClInclude>
    <ClInclude Include="StateMachine.h">
      <Filter>AI</Filter>
    </ClInclude>
    <ClInclude Include="StateMachinePlus.h">
      <Filter>AI</Filter>
    </ClInclude>
    <ClInclude Include="StateTransition.h">
      <Filter>AI</Filter>
    </ClInclude>
    <ClInclude Include="PlayerController.h">
      <Filter>GameObject</Filter>
    </ClInclude>
    <ClInclude Include="PetController.h">
      <Filter>GameObject</Filter>
    </ClInclude>
    <ClInclude Include="DebugStateMachine.h">
      <Filter>AI</Filter>
    </ClInclude>
    <ClInclude Include="PlalyerAIController.h">
      <Filter>GameObject</Filter>
    </ClInclude>
    <ClInclude Include="LTL_To_Edges.h">
      <Filter>Util</Filter>
    </ClInclude>
    <ClInclude Include="Dragon.h">
      <Filter>GameObject</Filter>
    </ClInclude>
  </ItemGroup>
  <ItemGroup>
    <ClCompile Include="Character.cpp">
      <Filter>GameObject</Filter>
    </ClCompile>
    <ClCompile Include="Pet.cpp">
      <Filter>GameObject</Filter>
    </ClCompile>
    <ClCompile Include="Player.cpp">
      <Filter>GameObject</Filter>
    </ClCompile>
    <ClCompile Include="Monster.cpp">
      <Filter>GameObject</Filter>
    </ClCompile>
    <ClCompile Include="AbstractComponent.cpp">
      <Filter>AI</Filter>
    </ClCompile>
    <ClCompile Include="AbstractStateMachine.cpp">
      <Filter>AI</Filter>
    </ClCompile>
    <ClCompile Include="EventSystem.cpp">
      <Filter>AI</Filter>
    </ClCompile>
    <ClCompile Include="State.cpp">
      <Filter>AI</Filter>
    </ClCompile>
    <ClCompile Include="StateMachine.cpp">
      <Filter>AI</Filter>
    </ClCompile>
    <ClCompile Include="StateTransition.cpp">
      <Filter>AI</Filter>
    </ClCompile>
    <ClCompile Include="StateMachinePlus.cpp">
      <Filter>AI</Filter>
    </ClCompile>
    <ClCompile Include="PlayerController.cpp">
      <Filter>GameObject</Filter>
    </ClCompile>
    <ClCompile Include="pch.cpp">
      <Filter>GameObject</Filter>
    </ClCompile>
    <ClCompile Include="PetController.cpp">
      <Filter>GameObject</Filter>
    </ClCompile>
    <ClCompile Include="DebugStateMachine.cpp">
      <Filter>AI</Filter>
    </ClCompile>
    <ClCompile Include="PlalyerAIController.cpp">
      <Filter>GameObject</Filter>
    </ClCompile>
    <ClCompile Include="LTL_To_Edges.cpp">
      <Filter>Util</Filter>
    </ClCompile>
    <ClCompile Include="Dragon.cpp">
      <Filter>GameObject</Filter>
    </ClCompile>
  </ItemGroup>
</Project>